
Microsoft Visual Studio Solution File, Format Version 12.00
# Visual Studio Version 16
VisualStudioVersion = 16.0.31911.196
MinimumVisualStudioVersion = 10.0.40219.1
Project("{9A19103F-16F7-4668-BE54-9A1E7A4F7556}") = "EarthMinimapGenerator", "EarthMinimapGenerator\EarthMinimapGenerator.csproj", "{F795C2F5-69FF-490C-9A8A-B06007660DD9}"
EndProject
Project("{9A19103F-16F7-4668-BE54-9A1E7A4F7556}") = "EarthMinimapGeneratorRunner", "EarthMinimapGeneratorRunner\EarthMinimapGeneratorRunner.csproj", "{BD105F6B-A651-4D76-AEE5-B429ADCB68D1}"
EndProject
Global
	GlobalSection(SolutionConfigurationPlatforms) = preSolution
		Debug|Any CPU = Debug|Any CPU
		Release|Any CPU = Release|Any CPU
	EndGlobalSection
	GlobalSection(ProjectConfigurationPlatforms) = postSolution
		{F795C2F5-69FF-490C-9A8A-B06007660DD9}.Debug|Any CPU.ActiveCfg = Debug|Any CPU
		{F795C2F5-69FF-490C-9A8A-B06007660DD9}.Debug|Any CPU.Build.0 = Debug|Any CPU
		{F795C2F5-69FF-490C-9A8A-B06007660DD9}.Release|Any CPU.ActiveCfg = Release|Any CPU
		{F795C2F5-69FF-490C-9A8A-B06007660DD9}.Release|Any CPU.Build.0 = Release|Any CPU
		{BD105F6B-A651-4D76-AEE5-B429ADCB68D1}.Debug|Any CPU.ActiveCfg = Debug|Any CPU
		{BD105F6B-A651-4D76-AEE5-B429ADCB68D1}.Debug|Any CPU.Build.0 = Debug|Any CPU
		{BD105F6B-A651-4D76-AEE5-B429ADCB68D1}.Release|Any CPU.ActiveCfg = Release|Any CPU
		{BD105F6B-A651-4D76-AEE5-B429ADCB68D1}.Release|Any CPU.Build.0 = Release|Any CPU
	EndGlobalSection
	GlobalSection(SolutionProperties) = preSolution
		HideSolutionNode = FALSE
	EndGlobalSection
	GlobalSection(ExtensibilityGlobals) = postSolution
		SolutionGuid = {F37D2C13-FB66-4E33-A7E2-504DB535FDFC}
	EndGlobalSection
EndGlobal
